// !$*UTF8*$!
{
	archiveVersion = 1;
	classes = {
	};
	objectVersion = 77;
	objects = {

/* Begin PBXContainerItemProxy section */
		FDF130B52CD6431100FAFDC3 /* PBXContainerItemProxy */ = {
			isa = PBXContainerItemProxy;
			containerPortal = FDF1309C2CD6430F00FAFDC3 /* Project object */;
			proxyType = 1;
			remoteGlobalIDString = FDF130A32CD6430F00FAFDC3;
			remoteInfo = GuessTheFlagProject;
		};
		FDF130BF2CD6431200FAFDC3 /* PBXContainerItemProxy */ = {
			isa = PBXContainerItemProxy;
			containerPortal = FDF1309C2CD6430F00FAFDC3 /* Project object */;
			proxyType = 1;
			remoteGlobalIDString = FDF130A32CD6430F00FAFDC3;
			remoteInfo = GuessTheFlagProject;
		};
/* End PBXContainerItemProxy section */

/* Begin PBXFileReference section */
		FDF130A42CD6430F00FAFDC3 /* GuessTheFlagProject.app */ = {isa = PBXFileReference; explicitFileType = wrapper.application; includeInIndex = 0; path = GuessTheFlagProject.app; sourceTree = BUILT_PRODUCTS_DIR; };
		FDF130B42CD6431100FAFDC3 /* GuessTheFlagProjectTests.xctest */ = {isa = PBXFileReference; explicitFileType = wrapper.cfbundle; includeInIndex = 0; path = GuessTheFlagProjectTests.xctest; sourceTree = BUILT_PRODUCTS_DIR; };
		FDF130BE2CD6431200FAFDC3 /* GuessTheFlagProjectUITests.xctest */ = {isa = PBXFileReference; explicitFileType = wrapper.cfbundle; includeInIndex = 0; path = GuessTheFlagProjectUITests.xctest; sourceTree = BUILT_PRODUCTS_DIR; };
/* End PBXFileReference section */

/* Begin PBXFileSystemSynchronizedRootGroup section */
		FDF130A62CD6430F00FAFDC3 /* GuessTheFlagProject */ = {
			isa = PBXFileSystemSynchronizedRootGroup;
			path = GuessTheFlagProject;
			sourceTree = "<group>";
		};
		FDF130B72CD6431100FAFDC3 /* GuessTheFlagProjectTests */ = {
			isa = PBXFileSystemSynchronizedRootGroup;
			path = GuessTheFlagProjectTests;
			sourceTree = "<group>";
		};
		FDF130C12CD6431200FAFDC3 /* GuessTheFlagProjectUITests */ = {
			isa = PBXFileSystemSynchronizedRootGroup;
			path = GuessTheFlagProjectUITests;
			sourceTree = "<group>";
		};
/* End PBXFileSystemSynchronizedRootGroup section */

/* Begin PBXFrameworksBuildPhase section */
		FDF130A12CD6430F00FAFDC3 /* Frameworks */ = {
			isa = PBXFrameworksBuildPhase;
			buildActionMask = 2147483647;
			files = (
			);
			runOnlyForDeploymentPostprocessing = 0;
		};
		FDF130B12CD6431100FAFDC3 /* Frameworks */ = {
			isa = PBXFrameworksBuildPhase;
			buildActionMask = 2147483647;
			files = (
			);
			runOnlyForDeploymentPostprocessing = 0;
		};
		FDF130BB2CD6431200FAFDC3 /* Frameworks */ = {
			isa = PBXFrameworksBuildPhase;
			buildActionMask = 2147483647;
			files = (
			);
			runOnlyForDeploymentPostprocessing = 0;
		};
/* End PBXFrameworksBuildPhase section */

/* Begin PBXGroup section */
		FDF1309B2CD6430F00FAFDC3 = {
			isa = PBXGroup;
			children = (
				FDF130A62CD6430F00FAFDC3 /* GuessTheFlagProject */,
				FDF130B72CD6431100FAFDC3 /* GuessTheFlagProjectTests */,
				FDF130C12CD6431200FAFDC3 /* GuessTheFlagProjectUITests */,
				FDF130A52CD6430F00FAFDC3 /* Products */,
			);
			sourceTree = "<group>";
		};
		FDF130A52CD6430F00FAFDC3 /* Products */ = {
			isa = PBXGroup;
			children = (
				FDF130A42CD6430F00FAFDC3 /* GuessTheFlagProject.app */,
				FDF130B42CD6431100FAFDC3 /* GuessTheFlagProjectTests.xctest */,
				FDF130BE2CD6431200FAFDC3 /* GuessTheFlagProjectUITests.xctest */,
			);
			name = Products;
			sourceTree = "<group>";
		};
/* End PBXGroup section */

/* Begin PBXNativeTarget section */
		FDF130A32CD6430F00FAFDC3 /* GuessTheFlagProject */ = {
			isa = PBXNativeTarget;
			buildConfigurationList = FDF130C82CD6431200FAFDC3 /* Build configuration list for PBXNativeTarget "GuessTheFlagProject" */;
			buildPhases = (
				FDF130A02CD6430F00FAFDC3 /* Sources */,
				FDF130A12CD6430F00FAFDC3 /* Frameworks */,
				FDF130A22CD6430F00FAFDC3 /* Resources */,
			);
			buildRules = (
			);
			dependencies = (
			);
			fileSystemSynchronizedGroups = (
				FDF130A62CD6430F00FAFDC3 /* GuessTheFlagProject */,
			);
			name = GuessTheFlagProject;
			packageProductDependencies = (
			);
			productName = GuessTheFlagProject;
			productReference = FDF130A42CD6430F00FAFDC3 /* GuessTheFlagProject.app */;
			productType = "com.apple.product-type.application";
		};
		FDF130B32CD6431100FAFDC3 /* GuessTheFlagProjectTests */ = {
			isa = PBXNativeTarget;
			buildConfigurationList = FDF130CB2CD6431200FAFDC3 /* Build configuration list for PBXNativeTarget "GuessTheFlagProjectTests" */;
			buildPhases = (
				FDF130B02CD6431100FAFDC3 /* Sources */,
				FDF130B12CD6431100FAFDC3 /* Frameworks */,
				FDF130B22CD6431100FAFDC3 /* Resources */,
			);
			buildRules = (
			);
			dependencies = (
				FDF130B62CD6431100FAFDC3 /* PBXTargetDependency */,
			);
			fileSystemSynchronizedGroups = (
				FDF130B72CD6431100FAFDC3 /* GuessTheFlagProjectTests */,
			);
			name = GuessTheFlagProjectTests;
			packageProductDependencies = (
			);
			productName = GuessTheFlagProjectTests;
			productReference = FDF130B42CD6431100FAFDC3 /* GuessTheFlagProjectTests.xctest */;
			productType = "com.apple.product-type.bundle.unit-test";
		};
		FDF130BD2CD6431200FAFDC3 /* GuessTheFlagProjectUITests */ = {
			isa = PBXNativeTarget;
			buildConfigurationList = FDF130CE2CD6431200FAFDC3 /* Build configuration list for PBXNativeTarget "GuessTheFlagProjectUITests" */;
			buildPhases = (
				FDF130BA2CD6431200FAFDC3 /* Sources */,
				FDF130BB2CD6431200FAFDC3 /* Frameworks */,
				FDF130BC2CD6431200FAFDC3 /* Resources */,
			);
			buildRules = (
			);
			dependencies = (
				FDF130C02CD6431200FAFDC3 /* PBXTargetDependency */,
			);
			fileSystemSynchronizedGroups = (
				FDF130C12CD6431200FAFDC3 /* GuessTheFlagProjectUITests */,
			);
			name = GuessTheFlagProjectUITests;
			packageProductDependencies = (
			);
			productName = GuessTheFlagProjectUITests;
			productReference = FDF130BE2CD6431200FAFDC3 /* GuessTheFlagProjectUITests.xctest */;
			productType = "com.apple.product-type.bundle.ui-testing";
		};
/* End PBXNativeTarget section */

/* Begin PBXProject section */
		FDF1309C2CD6430F00FAFDC3 /* Project object */ = {
			isa = PBXProject;
			attributes = {
				BuildIndependentTargetsInParallel = 1;
				LastSwiftUpdateCheck = 1600;
				LastUpgradeCheck = 1600;
				TargetAttributes = {
					FDF130A32CD6430F00FAFDC3 = {
						CreatedOnToolsVersion = 16.0;
					};
					FDF130B32CD6431100FAFDC3 = {
						CreatedOnToolsVersion = 16.0;
						TestTargetID = FDF130A32CD6430F00FAFDC3;
					};
					FDF130BD2CD6431200FAFDC3 = {
						CreatedOnToolsVersion = 16.0;
						TestTargetID = FDF130A32CD6430F00FAFDC3;
					};
				};
			};
			buildConfigurationList = FDF1309F2CD6430F00FAFDC3 /* Build configuration list for PBXProject "GuessTheFlagProject" */;
			developmentRegion = en;
			hasScannedForEncodings = 0;
			knownRegions = (
				en,
				Base,
			);
			mainGroup = FDF1309B2CD6430F00FAFDC3;
			minimizedProjectReferenceProxies = 1;
			preferredProjectObjectVersion = 77;
			productRefGroup = FDF130A52CD6430F00FAFDC3 /* Products */;
			projectDirPath = "";
			projectRoot = "";
			targets = (
				FDF130A32CD6430F00FAFDC3 /* GuessTheFlagProject */,
				FDF130B32CD6431100FAFDC3 /* GuessTheFlagProjectTests */,
				FDF130BD2CD6431200FAFDC3 /* GuessTheFlagProjectUITests */,
			);
		};
/* End PBXProject section */

/* Begin PBXResourcesBuildPhase section */
		FDF130A22CD6430F00FAFDC3 /* Resources */ = {
			isa = PBXResourcesBuildPhase;
			buildActionMask = 2147483647;
			files = (
			);
			runOnlyForDeploymentPostprocessing = 0;
		};
		FDF130B22CD6431100FAFDC3 /* Resources */ = {
			isa = PBXResourcesBuildPhase;
			buildActionMask = 2147483647;
			files = (
			);
			runOnlyForDeploymentPostprocessing = 0;
		};
		FDF130BC2CD6431200FAFDC3 /* Resources */ = {
			isa = PBXResourcesBuildPhase;
			buildActionMask = 2147483647;
			files = (
			);
			runOnlyForDeploymentPostprocessing = 0;
		};
/* End PBXResourcesBuildPhase section */

/* Begin PBXSourcesBuildPhase section */
		FDF130A02CD6430F00FAFDC3 /* Sources */ = {
			isa = PBXSourcesBuildPhase;
			buildActionMask = 2147483647;
			files = (
			);
			runOnlyForDeploymentPostprocessing = 0;
		};
		FDF130B02CD6431100FAFDC3 /* Sources */ = {
			isa = PBXSourcesBuildPhase;
			buildActionMask = 2147483647;
			files = (
			);
			runOnlyForDeploymentPostprocessing = 0;
		};
		FDF130BA2CD6431200FAFDC3 /* Sources */ = {
			isa = PBXSourcesBuildPhase;
			buildActionMask = 2147483647;
			files = (
			);
			runOnlyForDeploymentPostprocessing = 0;
		};
/* End PBXSourcesBuildPhase section */

/* Begin PBXTargetDependency section */
		FDF130B62CD6431100FAFDC3 /* PBXTargetDependency */ = {
			isa = PBXTargetDependency;
			target = FDF130A32CD6430F00FAFDC3 /* GuessTheFlagProject */;
			targetProxy = FDF130B52CD6431100FAFDC3 /* PBXContainerItemProxy */;
		};
		FDF130C02CD6431200FAFDC3 /* PBXTargetDependency */ = {
			isa = PBXTargetDependency;
			target = FDF130A32CD6430F00FAFDC3 /* GuessTheFlagProject */;
			targetProxy = FDF130BF2CD6431200FAFDC3 /* PBXContainerItemProxy */;
		};
/* End PBXTargetDependency section */

/* Begin XCBuildConfiguration section */
		FDF130C62CD6431200FAFDC3 /* Debug */ = {
			isa = XCBuildConfiguration;
			buildSettings = {
				ALWAYS_SEARCH_USER_PATHS = NO;
				ASSETCATALOG_COMPILER_GENERATE_SWIFT_ASSET_SYMBOL_EXTENSIONS = YES;
				CLANG_ANALYZER_NONNULL = YES;
				CLANG_ANALYZER_NUMBER_OBJECT_CONVERSION = YES_AGGRESSIVE;
				CLANG_CXX_LANGUAGE_STANDARD = "gnu++20";
				CLANG_ENABLE_MODULES = YES;
				CLANG_ENABLE_OBJC_ARC = YES;
				CLANG_ENABLE_OBJC_WEAK = YES;
				CLANG_WARN_BLOCK_CAPTURE_AUTORELEASING = YES;
				CLANG_WARN_BOOL_CONVERSION = YES;
				CLANG_WARN_COMMA = YES;
				CLANG_WARN_CONSTANT_CONVERSION = YES;
				CLANG_WARN_DEPRECATED_OBJC_IMPLEMENTATIONS = YES;
				CLANG_WARN_DIRECT_OBJC_ISA_USAGE = YES_ERROR;
				CLANG_WARN_DOCUMENTATION_COMMENTS = YES;
				CLANG_WARN_EMPTY_BODY = YES;
				CLANG_WARN_ENUM_CONVERSION = YES;
				CLANG_WARN_INFINITE_RECURSION = YES;
				CLANG_WARN_INT_CONVERSION = YES;
				CLANG_WARN_NON_LITERAL_NULL_CONVERSION = YES;
				CLANG_WARN_OBJC_IMPLICIT_RETAIN_SELF = YES;
				CLANG_WARN_OBJC_LITERAL_CONVERSION = YES;
				CLANG_WARN_OBJC_ROOT_CLASS = YES_ERROR;
				CLANG_WARN_QUOTED_INCLUDE_IN_FRAMEWORK_HEADER = YES;
				CLANG_WARN_RANGE_LOOP_ANALYSIS = YES;
				CLANG_WARN_STRICT_PROTOTYPES = YES;
				CLANG_WARN_SUSPICIOUS_MOVE = YES;
				CLANG_WARN_UNGUARDED_AVAILABILITY = YES_AGGRESSIVE;
				CLANG_WARN_UNREACHABLE_CODE = YES;
				CLANG_WARN__DUPLICATE_METHOD_MATCH = YES;
				COPY_PHASE_STRIP = NO;
				DEBUG_INFORMATION_FORMAT = dwarf;
				ENABLE_STRICT_OBJC_MSGSEND = YES;
				ENABLE_TESTABILITY = YES;
				ENABLE_USER_SCRIPT_SANDBOXING = YES;
				GCC_C_LANGUAGE_STANDARD = gnu17;
				GCC_DYNAMIC_NO_PIC = NO;
				GCC_NO_COMMON_BLOCKS = YES;
				GCC_OPTIMIZATION_LEVEL = 0;
				GCC_PREPROCESSOR_DEFINITIONS = (
					"DEBUG=1",
					"$(inherited)",
				);
				GCC_WARN_64_TO_32_BIT_CONVERSION = YES;
				GCC_WARN_ABOUT_RETURN_TYPE = YES_ERROR;
				GCC_WARN_UNDECLARED_SELECTOR = YES;
				GCC_WARN_UNINITIALIZED_AUTOS = YES_AGGRESSIVE;
				GCC_WARN_UNUSED_FUNCTION = YES;
				GCC_WARN_UNUSED_VARIABLE = YES;
				IPHONEOS_DEPLOYMENT_TARGET = 18.0;
				LOCALIZATION_PREFERS_STRING_CATALOGS = YES;
				MTL_ENABLE_DEBUG_INFO = INCLUDE_SOURCE;
				MTL_FAST_MATH = YES;
				ONLY_ACTIVE_ARCH = YES;
				SDKROOT = iphoneos;
				SWIFT_ACTIVE_COMPILATION_CONDITIONS = "DEBUG $(inherited)";
				SWIFT_OPTIMIZATION_LEVEL = "-Onone";
			};
			name = Debug;
		};
		FDF130C72CD6431200FAFDC3 /* Release */ = {
			isa = XCBuildConfiguration;
			buildSettings = {
				ALWAYS_SEARCH_USER_PATHS = NO;
				ASSETCATALOG_COMPILER_GENERATE_SWIFT_ASSET_SYMBOL_EXTENSIONS = YES;
				CLANG_ANALYZER_NONNULL = YES;
				CLANG_ANALYZER_NUMBER_OBJECT_CONVERSION = YES_AGGRESSIVE;
				CLANG_CXX_LANGUAGE_STANDARD = "gnu++20";
				CLANG_ENABLE_MODULES = YES;
				CLANG_ENABLE_OBJC_ARC = YES;
				CLANG_ENABLE_OBJC_WEAK = YES;
				CLANG_WARN_BLOCK_CAPTURE_AUTORELEASING = YES;
				CLANG_WARN_BOOL_CONVERSION = YES;
				CLANG_WARN_COMMA = YES;
				CLANG_WARN_CONSTANT_CONVERSION = YES;
				CLANG_WARN_DEPRECATED_OBJC_IMPLEMENTATIONS = YES;
				CLANG_WARN_DIRECT_OBJC_ISA_USAGE = YES_ERROR;
				CLANG_WARN_DOCUMENTATION_COMMENTS = YES;
				CLANG_WARN_EMPTY_BODY = YES;
				CLANG_WARN_ENUM_CONVERSION = YES;
				CLANG_WARN_INFINITE_RECURSION = YES;
				CLANG_WARN_INT_CONVERSION = YES;
				CLANG_WARN_NON_LITERAL_NULL_CONVERSION = YES;
				CLANG_WARN_OBJC_IMPLICIT_RETAIN_SELF = YES;
				CLANG_WARN_OBJC_LITERAL_CONVERSION = YES;
				CLANG_WARN_OBJC_ROOT_CLASS = YES_ERROR;
				CLANG_WARN_QUOTED_INCLUDE_IN_FRAMEWORK_HEADER = YES;
				CLANG_WARN_RANGE_LOOP_ANALYSIS = YES;
				CLANG_WARN_STRICT_PROTOTYPES = YES;
				CLANG_WARN_SUSPICIOUS_MOVE = YES;
				CLANG_WARN_UNGUARDED_AVAILABILITY = YES_AGGRESSIVE;
				CLANG_WARN_UNREACHABLE_CODE = YES;
				CLANG_WARN__DUPLICATE_METHOD_MATCH = YES;
				COPY_PHASE_STRIP = NO;
				DEBUG_INFORMATION_FORMAT = "dwarf-with-dsym";
				ENABLE_NS_ASSERTIONS = NO;
				ENABLE_STRICT_OBJC_MSGSEND = YES;
				ENABLE_USER_SCRIPT_SANDBOXING = YES;
				GCC_C_LANGUAGE_STANDARD = gnu17;
				GCC_NO_COMMON_BLOCKS = YES;
				GCC_WARN_64_TO_32_BIT_CONVERSION = YES;
				GCC_WARN_ABOUT_RETURN_TYPE = YES_ERROR;
				GCC_WARN_UNDECLARED_SELECTOR = YES;
				GCC_WARN_UNINITIALIZED_AUTOS = YES_AGGRESSIVE;
				GCC_WARN_UNUSED_FUNCTION = YES;
				GCC_WARN_UNUSED_VARIABLE = YES;
				IPHONEOS_DEPLOYMENT_TARGET = 18.0;
				LOCALIZATION_PREFERS_STRING_CATALOGS = YES;
				MTL_ENABLE_DEBUG_INFO = NO;
				MTL_FAST_MATH = YES;
				SDKROOT = iphoneos;
				SWIFT_COMPILATION_MODE = wholemodule;
				VALIDATE_PRODUCT = YES;
			};
			name = Release;
		};
		FDF130C92CD6431200FAFDC3 /* Debug */ = {
			isa = XCBuildConfiguration;
			buildSettings = {
				ASSETCATALOG_COMPILER_APPICON_NAME = AppIcon;
				ASSETCATALOG_COMPILER_GLOBAL_ACCENT_COLOR_NAME = AccentColor;
				CODE_SIGN_STYLE = Automatic;
				CURRENT_PROJECT_VERSION = 1;
				DEVELOPMENT_ASSET_PATHS = "\"GuessTheFlagProject/Preview Content\"";
				ENABLE_PREVIEWS = YES;
				GENERATE_INFOPLIST_FILE = YES;
				INFOPLIST_KEY_UIApplicationSceneManifest_Generation = YES;
				INFOPLIST_KEY_UIApplicationSupportsIndirectInputEvents = YES;
				INFOPLIST_KEY_UILaunchScreen_Generation = YES;
				INFOPLIST_KEY_UISupportedInterfaceOrientations_iPad = "UIInterfaceOrientationPortrait UIInterfaceOrientationPortraitUpsideDown UIInterfaceOrientationLandscapeLeft UIInterfaceOrientationLandscapeRight";
				INFOPLIST_KEY_UISupportedInterfaceOrientations_iPhone = "UIInterfaceOrientationPortrait UIInterfaceOrientationLandscapeLeft UIInterfaceOrientationLandscapeRight";
				LD_RUNPATH_SEARCH_PATHS = (
					"$(inherited)",
					"@executable_path/Frameworks",
				);
				MARKETING_VERSION = 1.0;
				PRODUCT_BUNDLE_IDENTIFIER = iremsupala.GuessTheFlagProject;
				PRODUCT_NAME = "$(TARGET_NAME)";
				SWIFT_EMIT_LOC_STRINGS = YES;
				SWIFT_VERSION = 5.0;
				TARGETED_DEVICE_FAMILY = "1,2";
			};
			name = Debug;
		};
		FDF130CA2CD6431200FAFDC3 /* Release */ = {
			isa = XCBuildConfiguration;
			buildSettings = {
				ASSETCATALOG_COMPILER_APPICON_NAME = AppIcon;
				ASSETCATALOG_COMPILER_GLOBAL_ACCENT_COLOR_NAME = AccentColor;
				CODE_SIGN_STYLE = Automatic;
				CURRENT_PROJECT_VERSION = 1;
				DEVELOPMENT_ASSET_PATHS = "\"GuessTheFlagProject/Preview Content\"";
				ENABLE_PREVIEWS = YES;
				GENERATE_INFOPLIST_FILE = YES;
				INFOPLIST_KEY_UIApplicationSceneManifest_Generation = YES;
				INFOPLIST_KEY_UIApplicationSupportsIndirectInputEvents = YES;
				INFOPLIST_KEY_UILaunchScreen_Generation = YES;
				INFOPLIST_KEY_UISupportedInterfaceOrientations_iPad = "UIInterfaceOrientationPortrait UIInterfaceOrientationPortraitUpsideDown UIInterfaceOrientationLandscapeLeft UIInterfaceOrientationLandscapeRight";
				INFOPLIST_KEY_UISupportedInterfaceOrientations_iPhone = "UIInterfaceOrientationPortrait UIInterfaceOrientationLandscapeLeft UIInterfaceOrientationLandscapeRight";
				LD_RUNPATH_SEARCH_PATHS = (
					"$(inherited)",
					"@executable_path/Frameworks",
				);
				MARKETING_VERSION = 1.0;
				PRODUCT_BUNDLE_IDENTIFIER = iremsupala.GuessTheFlagProject;
				PRODUCT_NAME = "$(TARGET_NAME)";
				SWIFT_EMIT_LOC_STRINGS = YES;
				SWIFT_VERSION = 5.0;
				TARGETED_DEVICE_FAMILY = "1,2";
			};
			name = Release;
		};
		FDF130CC2CD6431200FAFDC3 /* Debug */ = {
			isa = XCBuildConfiguration;
			buildSettings = {
				BUNDLE_LOADER = "$(TEST_HOST)";
				CODE_SIGN_STYLE = Automatic;
				CURRENT_PROJECT_VERSION = 1;
				GENERATE_INFOPLIST_FILE = YES;
				IPHONEOS_DEPLOYMENT_TARGET = 18.0;
				MARKETING_VERSION = 1.0;
				PRODUCT_BUNDLE_IDENTIFIER = iremsupala.GuessTheFlagProjectTests;
				PRODUCT_NAME = "$(TARGET_NAME)";
				SWIFT_EMIT_LOC_STRINGS = NO;
				SWIFT_VERSION = 5.0;
				TARGETED_DEVICE_FAMILY = "1,2";
				TEST_HOST = "$(BUILT_PRODUCTS_DIR)/GuessTheFlagProject.app/$(BUNDLE_EXECUTABLE_FOLDER_PATH)/GuessTheFlagProject";
			};
			name = Debug;
		};
		FDF130CD2CD6431200FAFDC3 /* Release */ = {
			isa = XCBuildConfiguration;
			buildSettings = {
				BUNDLE_LOADER = "$(TEST_HOST)";
				CODE_SIGN_STYLE = Automatic;
				CURRENT_PROJECT_VERSION = 1;
				GENERATE_INFOPLIST_FILE = YES;
				IPHONEOS_DEPLOYMENT_TARGET = 18.0;
				MARKETING_VERSION = 1.0;
				PRODUCT_BUNDLE_IDENTIFIER = iremsupala.GuessTheFlagProjectTests;
				PRODUCT_NAME = "$(TARGET_NAME)";
				SWIFT_EMIT_LOC_STRINGS = NO;
				SWIFT_VERSION = 5.0;
				TARGETED_DEVICE_FAMILY = "1,2";
				TEST_HOST = "$(BUILT_PRODUCTS_DIR)/GuessTheFlagProject.app/$(BUNDLE_EXECUTABLE_FOLDER_PATH)/GuessTheFlagProject";
			};
			name = Release;
		};
		FDF130CF2CD6431200FAFDC3 /* Debug */ = {
			isa = XCBuildConfiguration;
			buildSettings = {
				CODE_SIGN_STYLE = Automatic;
				CURRENT_PROJECT_VERSION = 1;
				GENERATE_INFOPLIST_FILE = YES;
				MARKETING_VERSION = 1.0;
				PRODUCT_BUNDLE_IDENTIFIER = iremsupala.GuessTheFlagProjectUITests;
				PRODUCT_NAME = "$(TARGET_NAME)";
				SWIFT_EMIT_LOC_STRINGS = NO;
				SWIFT_VERSION = 5.0;
				TARGETED_DEVICE_FAMILY = "1,2";
				TEST_TARGET_NAME = GuessTheFlagProject;
			};
			name = Debug;
		};
		FDF130D02CD6431200FAFDC3 /* Release */ = {
			isa = XCBuildConfiguration;
			buildSettings = {
				CODE_SIGN_STYLE = Automatic;
				CURRENT_PROJECT_VERSION = 1;
				GENERATE_INFOPLIST_FILE = YES;
				MARKETING_VERSION = 1.0;
				PRODUCT_BUNDLE_IDENTIFIER = iremsupala.GuessTheFlagProjectUITests;
				PRODUCT_NAME = "$(TARGET_NAME)";
				SWIFT_EMIT_LOC_STRINGS = NO;
				SWIFT_VERSION = 5.0;
				TARGETED_DEVICE_FAMILY = "1,2";
				TEST_TARGET_NAME = GuessTheFlagProject;
			};
			name = Release;
		};
/* End XCBuildConfiguration section */

/* Begin XCConfigurationList section */
		FDF1309F2CD6430F00FAFDC3 /* Build configuration list for PBXProject "GuessTheFlagProject" */ = {
			isa = XCConfigurationList;
			buildConfigurations = (
				FDF130C62CD6431200FAFDC3 /* Debug */,
				FDF130C72CD6431200FAFDC3 /* Release */,
			);
			defaultConfigurationIsVisible = 0;
			defaultConfigurationName = Release;
		};
		FDF130C82CD6431200FAFDC3 /* Build configuration list for PBXNativeTarget "GuessTheFlagProject" */ = {
			isa = XCConfigurationList;
			buildConfigurations = (
				FDF130C92CD6431200FAFDC3 /* Debug */,
				FDF130CA2CD6431200FAFDC3 /* Release */,
			);
			defaultConfigurationIsVisible = 0;
			defaultConfigurationName = Release;
		};
		FDF130CB2CD6431200FAFDC3 /* Build configuration list for PBXNativeTarget "GuessTheFlagProjectTests" */ = {
			isa = XCConfigurationList;
			buildConfigurations = (
				FDF130CC2CD6431200FAFDC3 /* Debug */,
				FDF130CD2CD6431200FAFDC3 /* Release */,
			);
			defaultConfigurationIsVisible = 0;
			defaultConfigurationName = Release;
		};
		FDF130CE2CD6431200FAFDC3 /* Build configuration list for PBXNativeTarget "GuessTheFlagProjectUITests" */ = {
			isa = XCConfigurationList;
			buildConfigurations = (
				FDF130CF2CD6431200FAFDC3 /* Debug */,
				FDF130D02CD6431200FAFDC3 /* Release */,
			);
			defaultConfigurationIsVisible = 0;
			defaultConfigurationName = Release;
		};
/* End XCConfigurationList section */
	};
	rootObject = FDF1309C2CD6430F00FAFDC3 /* Project object */;
}
